# THIS IS AN AUTOGENERATED FILE. DO NOT EDIT THIS FILE DIRECTLY.
# yarn lockfile v1


"@jetbrains/kotlinc-js-api@^1.2.2":
  version "1.2.2"
  resolved "https://registry.yarnpkg.com/@jetbrains/kotlinc-js-api/-/kotlinc-js-api-1.2.2.tgz#cd5e7dd422c8fa414f00eefbabaa8d2764b70196"
  dependencies:
    kotlin-compiler "^1.2.1"

kotlin-compiler@^1.2.1:
  version "1.2.1"
  resolved "https://registry.yarnpkg.com/kotlin-compiler/-/kotlin-compiler-1.2.1.tgz#064f68c5b26d1bef505cf8d027016032dce4b81a"
